
Microsoft Visual Studio Solution File, Format Version 12.00
# Visual Studio Version 17
VisualStudioVersion = 17.2.32526.322
MinimumVisualStudioVersion = 10.0.40219.1
Project("{FAE04EC0-301F-11D3-BF4B-00C04F79EFBC}") = "QuickSort", "QuickSort.csproj", "{6AA54BBA-2764-48E0-8652-136985CB0738}"
EndProject
Global
	GlobalSection(SolutionConfigurationPlatforms) = preSolution
		Debug|Any CPU = Debug|Any CPU
		Release|Any CPU = Release|Any CPU
	EndGlobalSection
	GlobalSection(ProjectConfigurationPlatforms) = postSolution
		{6AA54BBA-2764-48E0-8652-136985CB0738}.Debug|Any CPU.ActiveCfg = Debug|Any CPU
		{6AA54BBA-2764-48E0-8652-136985CB0738}.Debug|Any CPU.Build.0 = Debug|Any CPU
		{6AA54BBA-2764-48E0-8652-136985CB0738}.Release|Any CPU.ActiveCfg = Release|Any CPU
		{6AA54BBA-2764-48E0-8652-136985CB0738}.Release|Any CPU.Build.0 = Release|Any CPU
	EndGlobalSection
	GlobalSection(SolutionProperties) = preSolution
		HideSolutionNode = FALSE
	EndGlobalSection
	GlobalSection(ExtensibilityGlobals) = postSolution
		SolutionGuid = {A3497131-0CD1-4423-B4D9-C4B56D7618B9}
	EndGlobalSection
EndGlobal
